
Microsoft Visual Studio Solution File, Format Version 12.00
# Visual Studio Version 17
VisualStudioVersion = 17.3.32929.385
MinimumVisualStudioVersion = 10.0.40219.1
Project("{9A19103F-16F7-4668-BE54-9A1E7A4F7556}") = "DebtNote-Backend", "DebtNote-Backend\DebtNote-Backend.csproj", "{B47B5E92-FC0F-4623-8184-90C1B731A433}"
EndProject
Project("{9A19103F-16F7-4668-BE54-9A1E7A4F7556}") = "Contracts", "Contracts\Contracts.csproj", "{26A94FC1-6CC3-487D-B837-258CEE0266FD}"
EndProject
Project("{9A19103F-16F7-4668-BE54-9A1E7A4F7556}") = "LoggerService", "LoggerService\LoggerService.csproj", "{0E75D769-834C-45A7-9E24-6628620E42BE}"
EndProject
Project("{9A19103F-16F7-4668-BE54-9A1E7A4F7556}") = "Entities", "Entities\Entities.csproj", "{79A547CD-002D-450D-A060-B97B6384D0CA}"
EndProject
Project("{FAE04EC0-301F-11D3-BF4B-00C04F79EFBC}") = "Repository", "Repository\Repository.csproj", "{835277E3-6479-46FE-A29B-C76095D37910}"
EndProject
Global
	GlobalSection(SolutionConfigurationPlatforms) = preSolution
		Debug|Any CPU = Debug|Any CPU
		Release|Any CPU = Release|Any CPU
	EndGlobalSection
	GlobalSection(ProjectConfigurationPlatforms) = postSolution
		{B47B5E92-FC0F-4623-8184-90C1B731A433}.Debug|Any CPU.ActiveCfg = Debug|Any CPU
		{B47B5E92-FC0F-4623-8184-90C1B731A433}.Debug|Any CPU.Build.0 = Debug|Any CPU
		{B47B5E92-FC0F-4623-8184-90C1B731A433}.Release|Any CPU.ActiveCfg = Release|Any CPU
		{B47B5E92-FC0F-4623-8184-90C1B731A433}.Release|Any CPU.Build.0 = Release|Any CPU
		{26A94FC1-6CC3-487D-B837-258CEE0266FD}.Debug|Any CPU.ActiveCfg = Debug|Any CPU
		{26A94FC1-6CC3-487D-B837-258CEE0266FD}.Debug|Any CPU.Build.0 = Debug|Any CPU
		{26A94FC1-6CC3-487D-B837-258CEE0266FD}.Release|Any CPU.ActiveCfg = Release|Any CPU
		{26A94FC1-6CC3-487D-B837-258CEE0266FD}.Release|Any CPU.Build.0 = Release|Any CPU
		{0E75D769-834C-45A7-9E24-6628620E42BE}.Debug|Any CPU.ActiveCfg = Debug|Any CPU
		{0E75D769-834C-45A7-9E24-6628620E42BE}.Debug|Any CPU.Build.0 = Debug|Any CPU
		{0E75D769-834C-45A7-9E24-6628620E42BE}.Release|Any CPU.ActiveCfg = Release|Any CPU
		{0E75D769-834C-45A7-9E24-6628620E42BE}.Release|Any CPU.Build.0 = Release|Any CPU
		{79A547CD-002D-450D-A060-B97B6384D0CA}.Debug|Any CPU.ActiveCfg = Debug|Any CPU
		{79A547CD-002D-450D-A060-B97B6384D0CA}.Debug|Any CPU.Build.0 = Debug|Any CPU
		{79A547CD-002D-450D-A060-B97B6384D0CA}.Release|Any CPU.ActiveCfg = Release|Any CPU
		{79A547CD-002D-450D-A060-B97B6384D0CA}.Release|Any CPU.Build.0 = Release|Any CPU
		{835277E3-6479-46FE-A29B-C76095D37910}.Debug|Any CPU.ActiveCfg = Debug|Any CPU
		{835277E3-6479-46FE-A29B-C76095D37910}.Debug|Any CPU.Build.0 = Debug|Any CPU
		{835277E3-6479-46FE-A29B-C76095D37910}.Release|Any CPU.ActiveCfg = Release|Any CPU
		{835277E3-6479-46FE-A29B-C76095D37910}.Release|Any CPU.Build.0 = Release|Any CPU
	EndGlobalSection
	GlobalSection(SolutionProperties) = preSolution
		HideSolutionNode = FALSE
	EndGlobalSection
	GlobalSection(ExtensibilityGlobals) = postSolution
		SolutionGuid = {15C9B15C-5254-4AC6-AA82-C56A09ED3FB4}
	EndGlobalSection
EndGlobal
